
Microsoft Visual Studio Solution File, Format Version 12.00
# Visual Studio Version 16
VisualStudioVersion = 16.0.30309.148
MinimumVisualStudioVersion = 10.0.40219.1
Project("{9A19103F-16F7-4668-BE54-9A1E7A4F7556}") = "Shop4Yourself", "Shop4Yourself.csproj", "{3035CA38-A660-4DAC-A043-01C50754D871}"
EndProject
Global
	GlobalSection(SolutionConfigurationPlatforms) = preSolution
		Debug|Any CPU = Debug|Any CPU
		Release|Any CPU = Release|Any CPU
	EndGlobalSection
	GlobalSection(ProjectConfigurationPlatforms) = postSolution
		{3035CA38-A660-4DAC-A043-01C50754D871}.Debug|Any CPU.ActiveCfg = Debug|Any CPU
		{3035CA38-A660-4DAC-A043-01C50754D871}.Debug|Any CPU.Build.0 = Debug|Any CPU
		{3035CA38-A660-4DAC-A043-01C50754D871}.Release|Any CPU.ActiveCfg = Release|Any CPU
		{3035CA38-A660-4DAC-A043-01C50754D871}.Release|Any CPU.Build.0 = Release|Any CPU
	EndGlobalSection
	GlobalSection(SolutionProperties) = preSolution
		HideSolutionNode = FALSE
	EndGlobalSection
	GlobalSection(ExtensibilityGlobals) = postSolution
		SolutionGuid = {E37079AD-D4F5-4D45-A612-E2F8102D42CE}
	EndGlobalSection
EndGlobal
